// !$*UTF8*$!
{
	archiveVersion = 1;
	classes = {
	};
	objectVersion = 77;
	objects = {

/* Begin PBXBuildFile section */
		3A0C5A0C0119853052A8ECD1 /* Assets.xcassets in Resources */ = {isa = PBXBuildFile; fileRef = 25DA91BC0D4BD35C24989EF9 /* Assets.xcassets */; };
		45859AFC9131425E9749A185 /* MoneyGuardsWidget.swift in Sources */ = {isa = PBXBuildFile; fileRef = B063E0029629C26A83F540D0 /* MoneyGuardsWidget.swift */; };
		60515C1296AD9CD17A46FE8C /* AppIntent.swift in Sources */ = {isa = PBXBuildFile; fileRef = DE49B39149DAE44830E72FE8 /* AppIntent.swift */; };
		6D73C31081745A5B4588C30E /* MoneyGuardsWidgetExtension.appex in Embed App Extensions */ = {isa = PBXBuildFile; fileRef = 1D4035F11C170B5892E2DCC1 /* MoneyGuardsWidgetExtension.appex */; settings = {ATTRIBUTES = (CodeSignOnCopy, RemoveHeadersOnCopy, ); }; };
		72DBC8A8CC1554265F9487E6 /* MoneyGuardsWidgetLiveActivity.swift in Sources */ = {isa = PBXBuildFile; fileRef = D8E2F3EBE628DBF68463FC26 /* MoneyGuardsWidgetLiveActivity.swift */; };
		92006DC26E1953D1D8CA6530 /* MoneyGuardsWidgetBundle.swift in Sources */ = {isa = PBXBuildFile; fileRef = 8C6F7E0713200E58F4CFEE8B /* MoneyGuardsWidgetBundle.swift */; };
		DC31E0994999B83BC27B6A09 /* MoneyGuardsWidgetControl.swift in Sources */ = {isa = PBXBuildFile; fileRef = 3F9EC7D759F863BB6913E3EA /* MoneyGuardsWidgetControl.swift */; };
		F46238F718CE84530DE6C855 /* Foundation.framework in Frameworks */ = {isa = PBXBuildFile; fileRef = 44ED5A8A815F56319D65B710 /* Foundation.framework */; };
/* End PBXBuildFile section */

/* Begin PBXContainerItemProxy section */
		041304862F6843470036F610 /* PBXContainerItemProxy */ = {
			isa = PBXContainerItemProxy;
			containerPortal = 0413043F2F6817B40036F610 /* Project object */;
			proxyType = 1;
			remoteGlobalIDString = 041304462F6817B40036F610;
			remoteInfo = MoneyManager;
		};
		16FE2ED819F073EC347D5294 /* PBXContainerItemProxy */ = {
			isa = PBXContainerItemProxy;
			containerPortal = 0413043F2F6817B40036F610 /* Project object */;
			proxyType = 1;
			remoteGlobalIDString = 8E33C270B09BDF686B243DEF;
			remoteInfo = MoneyGuardsWidgetExtension;
		};
/* End PBXContainerItemProxy section */

/* Begin PBXCopyFilesBuildPhase section */
		5CA6B71711C89BD637CCC385 /* Embed App Extensions */ = {
			isa = PBXCopyFilesBuildPhase;
			buildActionMask = 2147483647;
			dstPath = "";
			dstSubfolderSpec = 13;
			files = (
				6D73C31081745A5B4588C30E /* MoneyGuardsWidgetExtension.appex in Embed App Extensions */,
			);
			name = "Embed App Extensions";
			runOnlyForDeploymentPostprocessing = 0;
		};
/* End PBXCopyFilesBuildPhase section */

/* Begin PBXFileReference section */
		041304472F6817B40036F610 /* Money Guard.app */ = {isa = PBXFileReference; explicitFileType = wrapper.application; includeInIndex = 0; path = "Money Guard.app"; sourceTree = BUILT_PRODUCTS_DIR; };
		041304822F6843470036F610 /* MoneyManagerTests.xctest */ = {isa = PBXFileReference; explicitFileType = wrapper.cfbundle; includeInIndex = 0; path = MoneyManagerTests.xctest; sourceTree = BUILT_PRODUCTS_DIR; };
		1D4035F11C170B5892E2DCC1 /* MoneyGuardsWidgetExtension.appex */ = {isa = PBXFileReference; explicitFileType = "wrapper.app-extension"; includeInIndex = 0; path = MoneyGuardsWidgetExtension.appex; sourceTree = BUILT_PRODUCTS_DIR; };
		25DA91BC0D4BD35C24989EF9 /* Assets.xcassets */ = {isa = PBXFileReference; includeInIndex = 1; lastKnownFileType = folder.assetcatalog; name = Assets.xcassets; path = MoneyGuardsWidget/Assets.xcassets; sourceTree = "<group>"; };
		3F9EC7D759F863BB6913E3EA /* MoneyGuardsWidgetControl.swift */ = {isa = PBXFileReference; includeInIndex = 1; lastKnownFileType = sourcecode.swift; name = MoneyGuardsWidgetControl.swift; path = MoneyGuardsWidget/MoneyGuardsWidgetControl.swift; sourceTree = "<group>"; };
		44ED5A8A815F56319D65B710 /* Foundation.framework */ = {isa = PBXFileReference; lastKnownFileType = wrapper.framework; name = Foundation.framework; path = Platforms/iPhoneOS.platform/Developer/SDKs/iPhoneOS18.0.sdk/System/Library/Frameworks/Foundation.framework; sourceTree = DEVELOPER_DIR; };
		8C6F7E0713200E58F4CFEE8B /* MoneyGuardsWidgetBundle.swift */ = {isa = PBXFileReference; includeInIndex = 1; lastKnownFileType = sourcecode.swift; name = MoneyGuardsWidgetBundle.swift; path = MoneyGuardsWidget/MoneyGuardsWidgetBundle.swift; sourceTree = "<group>"; };
		98D1A7E05BC071B946442D58 /* Info.plist */ = {isa = PBXFileReference; includeInIndex = 1; lastKnownFileType = text.plist.xml; name = Info.plist; path = MoneyGuardsWidget/Info.plist; sourceTree = "<group>"; };
		B063E0029629C26A83F540D0 /* MoneyGuardsWidget.swift */ = {isa = PBXFileReference; includeInIndex = 1; lastKnownFileType = sourcecode.swift; name = MoneyGuardsWidget.swift; path = MoneyGuardsWidget/MoneyGuardsWidget.swift; sourceTree = "<group>"; };
		D8E2F3EBE628DBF68463FC26 /* MoneyGuardsWidgetLiveActivity.swift */ = {isa = PBXFileReference; includeInIndex = 1; lastKnownFileType = sourcecode.swift; name = MoneyGuardsWidgetLiveActivity.swift; path = MoneyGuardsWidget/MoneyGuardsWidgetLiveActivity.swift; sourceTree = "<group>"; };
		DE49B39149DAE44830E72FE8 /* AppIntent.swift */ = {isa = PBXFileReference; includeInIndex = 1; lastKnownFileType = sourcecode.swift; name = AppIntent.swift; path = MoneyGuardsWidget/AppIntent.swift; sourceTree = "<group>"; };
/* End PBXFileReference section */

/* Begin PBXFileSystemSynchronizedBuildFileExceptionSet section */
		041304792F68382B0036F610 /* Exceptions for "MoneyGuard" folder in "MoneyManager" target */ = {
			isa = PBXFileSystemSynchronizedBuildFileExceptionSet;
			membershipExceptions = (
				Info.plist,
			);
			target = 041304462F6817B40036F610 /* MoneyManager */;
		};
/* End PBXFileSystemSynchronizedBuildFileExceptionSet section */

/* Begin PBXFileSystemSynchronizedRootGroup section */
		041304492F6817B40036F610 /* MoneyGuard */ = {
			isa = PBXFileSystemSynchronizedRootGroup;
			exceptions = (
				041304792F68382B0036F610 /* Exceptions for "MoneyGuard" folder in "MoneyManager" target */,
			);
			path = MoneyGuard;
			sourceTree = "<group>";
		};
		041304832F6843470036F610 /* MoneyManagerTests */ = {
			isa = PBXFileSystemSynchronizedRootGroup;
			path = MoneyManagerTests;
			sourceTree = "<group>";
		};
		04F584D32F73BD6200742F52 /* MoneyGuardsWidget */ = {
			isa = PBXFileSystemSynchronizedRootGroup;
			path = MoneyGuardsWidget;
			sourceTree = "<group>";
		};
/* End PBXFileSystemSynchronizedRootGroup section */

/* Begin PBXFrameworksBuildPhase section */
		041304442F6817B40036F610 /* Frameworks */ = {
			isa = PBXFrameworksBuildPhase;
			buildActionMask = 2147483647;
			files = (
			);
			runOnlyForDeploymentPostprocessing = 0;
		};
		0413047F2F6843470036F610 /* Frameworks */ = {
			isa = PBXFrameworksBuildPhase;
			buildActionMask = 2147483647;
			files = (
			);
			runOnlyForDeploymentPostprocessing = 0;
		};
		4D4E5172A105335E22252943 /* Frameworks */ = {
			isa = PBXFrameworksBuildPhase;
			buildActionMask = 2147483647;
			files = (
				F46238F718CE84530DE6C855 /* Foundation.framework in Frameworks */,
			);
			runOnlyForDeploymentPostprocessing = 0;
		};
/* End PBXFrameworksBuildPhase section */

/* Begin PBXGroup section */
		0413043E2F6817B40036F610 = {
			isa = PBXGroup;
			children = (
				041304492F6817B40036F610 /* MoneyGuard */,
				041304832F6843470036F610 /* MoneyManagerTests */,
				041304482F6817B40036F610 /* Products */,
				04F584D32F73BD6200742F52 /* MoneyGuardsWidget */,
				13B5315FABBCBEB18A4DAF08 /* Frameworks */,
				B063E0029629C26A83F540D0 /* MoneyGuardsWidget.swift */,
				8C6F7E0713200E58F4CFEE8B /* MoneyGuardsWidgetBundle.swift */,
				DE49B39149DAE44830E72FE8 /* AppIntent.swift */,
				3F9EC7D759F863BB6913E3EA /* MoneyGuardsWidgetControl.swift */,
				D8E2F3EBE628DBF68463FC26 /* MoneyGuardsWidgetLiveActivity.swift */,
				25DA91BC0D4BD35C24989EF9 /* Assets.xcassets */,
				98D1A7E05BC071B946442D58 /* Info.plist */,
			);
			sourceTree = "<group>";
		};
		041304482F6817B40036F610 /* Products */ = {
			isa = PBXGroup;
			children = (
				041304472F6817B40036F610 /* Money Guard.app */,
				041304822F6843470036F610 /* MoneyManagerTests.xctest */,
				1D4035F11C170B5892E2DCC1 /* MoneyGuardsWidgetExtension.appex */,
			);
			name = Products;
			sourceTree = "<group>";
		};
		13B5315FABBCBEB18A4DAF08 /* Frameworks */ = {
			isa = PBXGroup;
			children = (
				69999E7B9B5CD435FDA1E572 /* iOS */,
			);
			name = Frameworks;
			sourceTree = "<group>";
		};
		69999E7B9B5CD435FDA1E572 /* iOS */ = {
			isa = PBXGroup;
			children = (
				44ED5A8A815F56319D65B710 /* Foundation.framework */,
			);
			name = iOS;
			sourceTree = "<group>";
		};
/* End PBXGroup section */

/* Begin PBXNativeTarget section */
		041304462F6817B40036F610 /* MoneyManager */ = {
			isa = PBXNativeTarget;
			buildConfigurationList = 041304522F6817B40036F610 /* Build configuration list for PBXNativeTarget "MoneyManager" */;
			buildPhases = (
				041304432F6817B40036F610 /* Sources */,
				041304442F6817B40036F610 /* Frameworks */,
				041304452F6817B40036F610 /* Resources */,
				5CA6B71711C89BD637CCC385 /* Embed App Extensions */,
			);
			buildRules = (
			);
			dependencies = (
				087FFE7BF01A3F0EFFE6314A /* PBXTargetDependency */,
			);
			fileSystemSynchronizedGroups = (
				041304492F6817B40036F610 /* MoneyGuard */,
			);
			name = MoneyManager;
			productName = Money_Guard;
			productReference = 041304472F6817B40036F610 /* Money Guard.app */;
			productType = "com.apple.product-type.application";
		};
		041304812F6843470036F610 /* MoneyManagerTests */ = {
			isa = PBXNativeTarget;
			buildConfigurationList = 041304882F6843470036F610 /* Build configuration list for PBXNativeTarget "MoneyManagerTests" */;
			buildPhases = (
				0413047E2F6843470036F610 /* Sources */,
				0413047F2F6843470036F610 /* Frameworks */,
				041304802F6843470036F610 /* Resources */,
			);
			buildRules = (
			);
			dependencies = (
				041304872F6843470036F610 /* PBXTargetDependency */,
			);
			fileSystemSynchronizedGroups = (
				041304832F6843470036F610 /* MoneyManagerTests */,
			);
			name = MoneyManagerTests;
			productName = MoneyManagerTests;
			productReference = 041304822F6843470036F610 /* MoneyManagerTests.xctest */;
			productType = "com.apple.product-type.bundle.unit-test";
		};
		8E33C270B09BDF686B243DEF /* MoneyGuardsWidgetExtension */ = {
			isa = PBXNativeTarget;
			buildConfigurationList = 5F6FFA4B0928630C40E52CB2 /* Build configuration list for PBXNativeTarget "MoneyGuardsWidgetExtension" */;
			buildPhases = (
				5C1999B13F1F48EF1ADC3B7E /* Sources */,
				4D4E5172A105335E22252943 /* Frameworks */,
				9B299F33945BDC77D601D7D4 /* Resources */,
			);
			buildRules = (
			);
			dependencies = (
			);
			name = MoneyGuardsWidgetExtension;
			productName = MoneyGuardsWidgetExtension;
			productReference = 1D4035F11C170B5892E2DCC1 /* MoneyGuardsWidgetExtension.appex */;
			productType = "com.apple.product-type.app-extension";
		};
/* End PBXNativeTarget section */

/* Begin PBXProject section */
		0413043F2F6817B40036F610 /* Project object */ = {
			isa = PBXProject;
			attributes = {
				BuildIndependentTargetsInParallel = 1;
				LastSwiftUpdateCheck = 2630;
				LastUpgradeCheck = 2630;
				TargetAttributes = {
					041304462F6817B40036F610 = {
						CreatedOnToolsVersion = 26.3;
					};
					041304812F6843470036F610 = {
						CreatedOnToolsVersion = 26.3;
						TestTargetID = 041304462F6817B40036F610;
					};
				};
			};
			buildConfigurationList = 041304422F6817B40036F610 /* Build configuration list for PBXProject "Money Guard" */;
			developmentRegion = en;
			hasScannedForEncodings = 0;
			knownRegions = (
				de,
				en,
				es,
				fr,
				id,
				ja,
				Base,
				"zh-Hans",
			);
			mainGroup = 0413043E2F6817B40036F610;
			minimizedProjectReferenceProxies = 1;
			packageReferences = (
				0413060D2F69EE500036F610 /* XCRemoteSwiftPackageReference "supabase-swift" */,
			);
			preferredProjectObjectVersion = 77;
			productRefGroup = 041304482F6817B40036F610 /* Products */;
			projectDirPath = "";
			projectRoot = "";
			targets = (
				041304462F6817B40036F610 /* MoneyManager */,
				041304812F6843470036F610 /* MoneyManagerTests */,
				8E33C270B09BDF686B243DEF /* MoneyGuardsWidgetExtension */,
			);
		};
/* End PBXProject section */

/* Begin PBXResourcesBuildPhase section */
		041304452F6817B40036F610 /* Resources */ = {
			isa = PBXResourcesBuildPhase;
			buildActionMask = 2147483647;
			files = (
			);
			runOnlyForDeploymentPostprocessing = 0;
		};
		041304802F6843470036F610 /* Resources */ = {
			isa = PBXResourcesBuildPhase;
			buildActionMask = 2147483647;
			files = (
			);
			runOnlyForDeploymentPostprocessing = 0;
		};
		9B299F33945BDC77D601D7D4 /* Resources */ = {
			isa = PBXResourcesBuildPhase;
			buildActionMask = 2147483647;
			files = (
				3A0C5A0C0119853052A8ECD1 /* Assets.xcassets in Resources */,
			);
			runOnlyForDeploymentPostprocessing = 0;
		};
/* End PBXResourcesBuildPhase section */

/* Begin PBXSourcesBuildPhase section */
		041304432F6817B40036F610 /* Sources */ = {
			isa = PBXSourcesBuildPhase;
			buildActionMask = 2147483647;
			files = (
			);
			runOnlyForDeploymentPostprocessing = 0;
		};
		0413047E2F6843470036F610 /* Sources */ = {
			isa = PBXSourcesBuildPhase;
			buildActionMask = 2147483647;
			files = (
			);
			runOnlyForDeploymentPostprocessing = 0;
		};
		5C1999B13F1F48EF1ADC3B7E /* Sources */ = {
			isa = PBXSourcesBuildPhase;
			buildActionMask = 2147483647;
			files = (
				45859AFC9131425E9749A185 /* MoneyGuardsWidget.swift in Sources */,
				92006DC26E1953D1D8CA6530 /* MoneyGuardsWidgetBundle.swift in Sources */,
				60515C1296AD9CD17A46FE8C /* AppIntent.swift in Sources */,
				DC31E0994999B83BC27B6A09 /* MoneyGuardsWidgetControl.swift in Sources */,
				72DBC8A8CC1554265F9487E6 /* MoneyGuardsWidgetLiveActivity.swift in Sources */,
			);
			runOnlyForDeploymentPostprocessing = 0;
		};
/* End PBXSourcesBuildPhase section */

/* Begin PBXTargetDependency section */
		041304872F6843470036F610 /* PBXTargetDependency */ = {
			isa = PBXTargetDependency;
			target = 041304462F6817B40036F610 /* MoneyManager */;
			targetProxy = 041304862F6843470036F610 /* PBXContainerItemProxy */;
		};
		087FFE7BF01A3F0EFFE6314A /* PBXTargetDependency */ = {
			isa = PBXTargetDependency;
			name = MoneyGuardsWidgetExtension;
			target = 8E33C270B09BDF686B243DEF /* MoneyGuardsWidgetExtension */;
			targetProxy = 16FE2ED819F073EC347D5294 /* PBXContainerItemProxy */;
		};
/* End PBXTargetDependency section */

/* Begin XCBuildConfiguration section */
		041304502F6817B40036F610 /* Debug */ = {
			isa = XCBuildConfiguration;
			buildSettings = {
				ALWAYS_SEARCH_USER_PATHS = NO;
				ASSETCATALOG_COMPILER_GENERATE_SWIFT_ASSET_SYMBOL_EXTENSIONS = YES;
				CLANG_ANALYZER_NONNULL = YES;
				CLANG_ANALYZER_NUMBER_OBJECT_CONVERSION = YES_AGGRESSIVE;
				CLANG_CXX_LANGUAGE_STANDARD = "gnu++20";
				CLANG_ENABLE_MODULES = YES;
				CLANG_ENABLE_OBJC_ARC = YES;
				CLANG_ENABLE_OBJC_WEAK = YES;
				CLANG_WARN_BLOCK_CAPTURE_AUTORELEASING = YES;
				CLANG_WARN_BOOL_CONVERSION = YES;
				CLANG_WARN_COMMA = YES;
				CLANG_WARN_CONSTANT_CONVERSION = YES;
				CLANG_WARN_DEPRECATED_OBJC_IMPLEMENTATIONS = YES;
				CLANG_WARN_DIRECT_OBJC_ISA_USAGE = YES_ERROR;
				CLANG_WARN_DOCUMENTATION_COMMENTS = YES;
				CLANG_WARN_EMPTY_BODY = YES;
				CLANG_WARN_ENUM_CONVERSION = YES;
				CLANG_WARN_INFINITE_RECURSION = YES;
				CLANG_WARN_INT_CONVERSION = YES;
				CLANG_WARN_NON_LITERAL_NULL_CONVERSION = YES;
				CLANG_WARN_OBJC_IMPLICIT_RETAIN_SELF = YES;
				CLANG_WARN_OBJC_LITERAL_CONVERSION = YES;
				CLANG_WARN_OBJC_ROOT_CLASS = YES_ERROR;
				CLANG_WARN_QUOTED_INCLUDE_IN_FRAMEWORK_HEADER = YES;
				CLANG_WARN_RANGE_LOOP_ANALYSIS = YES;
				CLANG_WARN_STRICT_PROTOTYPES = YES;
				CLANG_WARN_SUSPICIOUS_MOVE = YES;
				CLANG_WARN_UNGUARDED_AVAILABILITY = YES_AGGRESSIVE;
				CLANG_WARN_UNREACHABLE_CODE = YES;
				CLANG_WARN__DUPLICATE_METHOD_MATCH = YES;
				COPY_PHASE_STRIP = NO;
				DEBUG_INFORMATION_FORMAT = dwarf;
				DEVELOPMENT_TEAM = LCKK5B35FW;
				ENABLE_STRICT_OBJC_MSGSEND = YES;
				ENABLE_TESTABILITY = YES;
				ENABLE_USER_SCRIPT_SANDBOXING = YES;
				GCC_C_LANGUAGE_STANDARD = gnu17;
				GCC_DYNAMIC_NO_PIC = NO;
				GCC_NO_COMMON_BLOCKS = YES;
				GCC_OPTIMIZATION_LEVEL = 0;
				GCC_PREPROCESSOR_DEFINITIONS = (
					"DEBUG=1",
					"$(inherited)",
				);
				GCC_WARN_64_TO_32_BIT_CONVERSION = YES;
				GCC_WARN_ABOUT_RETURN_TYPE = YES_ERROR;
				GCC_WARN_UNDECLARED_SELECTOR = YES;
				GCC_WARN_UNINITIALIZED_AUTOS = YES_AGGRESSIVE;
				GCC_WARN_UNUSED_FUNCTION = YES;
				GCC_WARN_UNUSED_VARIABLE = YES;
				IPHONEOS_DEPLOYMENT_TARGET = 26.2;
				LOCALIZATION_PREFERS_STRING_CATALOGS = YES;
				MTL_ENABLE_DEBUG_INFO = INCLUDE_SOURCE;
				MTL_FAST_MATH = YES;
				ONLY_ACTIVE_ARCH = YES;
				SDKROOT = iphoneos;
				SWIFT_ACTIVE_COMPILATION_CONDITIONS = "DEBUG $(inherited)";
				SWIFT_OPTIMIZATION_LEVEL = "-Onone";
			};
			name = Debug;
		};
		041304512F6817B40036F610 /* Release */ = {
			isa = XCBuildConfiguration;
			buildSettings = {
				ALWAYS_SEARCH_USER_PATHS = NO;
				ASSETCATALOG_COMPILER_GENERATE_SWIFT_ASSET_SYMBOL_EXTENSIONS = YES;
				CLANG_ANALYZER_NONNULL = YES;
				CLANG_ANALYZER_NUMBER_OBJECT_CONVERSION = YES_AGGRESSIVE;
				CLANG_CXX_LANGUAGE_STANDARD = "gnu++20";
				CLANG_ENABLE_MODULES = YES;
				CLANG_ENABLE_OBJC_ARC = YES;
				CLANG_ENABLE_OBJC_WEAK = YES;
				CLANG_WARN_BLOCK_CAPTURE_AUTORELEASING = YES;
				CLANG_WARN_BOOL_CONVERSION = YES;
				CLANG_WARN_COMMA = YES;
				CLANG_WARN_CONSTANT_CONVERSION = YES;
				CLANG_WARN_DEPRECATED_OBJC_IMPLEMENTATIONS = YES;
				CLANG_WARN_DIRECT_OBJC_ISA_USAGE = YES_ERROR;
				CLANG_WARN_DOCUMENTATION_COMMENTS = YES;
				CLANG_WARN_EMPTY_BODY = YES;
				CLANG_WARN_ENUM_CONVERSION = YES;
				CLANG_WARN_INFINITE_RECURSION = YES;
				CLANG_WARN_INT_CONVERSION = YES;
				CLANG_WARN_NON_LITERAL_NULL_CONVERSION = YES;
				CLANG_WARN_OBJC_IMPLICIT_RETAIN_SELF = YES;
				CLANG_WARN_OBJC_LITERAL_CONVERSION = YES;
				CLANG_WARN_OBJC_ROOT_CLASS = YES_ERROR;
				CLANG_WARN_QUOTED_INCLUDE_IN_FRAMEWORK_HEADER = YES;
				CLANG_WARN_RANGE_LOOP_ANALYSIS = YES;
				CLANG_WARN_STRICT_PROTOTYPES = YES;
				CLANG_WARN_SUSPICIOUS_MOVE = YES;
				CLANG_WARN_UNGUARDED_AVAILABILITY = YES_AGGRESSIVE;
				CLANG_WARN_UNREACHABLE_CODE = YES;
				CLANG_WARN__DUPLICATE_METHOD_MATCH = YES;
				COPY_PHASE_STRIP = NO;
				DEBUG_INFORMATION_FORMAT = "dwarf-with-dsym";
				DEVELOPMENT_TEAM = LCKK5B35FW;
				ENABLE_NS_ASSERTIONS = NO;
				ENABLE_STRICT_OBJC_MSGSEND = YES;
				ENABLE_USER_SCRIPT_SANDBOXING = YES;
				GCC_C_LANGUAGE_STANDARD = gnu17;
				GCC_NO_COMMON_BLOCKS = YES;
				GCC_WARN_64_TO_32_BIT_CONVERSION = YES;
				GCC_WARN_ABOUT_RETURN_TYPE = YES_ERROR;
				GCC_WARN_UNDECLARED_SELECTOR = YES;
				GCC_WARN_UNINITIALIZED_AUTOS = YES_AGGRESSIVE;
				GCC_WARN_UNUSED_FUNCTION = YES;
				GCC_WARN_UNUSED_VARIABLE = YES;
				IPHONEOS_DEPLOYMENT_TARGET = 26.2;
				LOCALIZATION_PREFERS_STRING_CATALOGS = YES;
				MTL_ENABLE_DEBUG_INFO = NO;
				MTL_FAST_MATH = YES;
				SDKROOT = iphoneos;
				SWIFT_COMPILATION_MODE = wholemodule;
				VALIDATE_PRODUCT = YES;
			};
			name = Release;
		};
		041304532F6817B40036F610 /* Debug */ = {
			isa = XCBuildConfiguration;
			buildSettings = {
				ASSETCATALOG_COMPILER_APPICON_NAME = AppIcon;
				ASSETCATALOG_COMPILER_GLOBAL_ACCENT_COLOR_NAME = AccentColor;
				CODE_SIGN_ENTITLEMENTS = MoneyGuard/MoneyManager.entitlements;
				CODE_SIGN_STYLE = Automatic;
				CURRENT_PROJECT_VERSION = 1;
				DEVELOPMENT_TEAM = LCKK5B35FW;
				ENABLE_PREVIEWS = YES;
				GENERATE_INFOPLIST_FILE = YES;
				INFOPLIST_FILE = MoneyGuard/Info.plist;
				INFOPLIST_KEY_CFBundleDisplayName = "Money Guard";
				INFOPLIST_KEY_LSApplicationCategoryType = "public.app-category.finance";
				INFOPLIST_KEY_NSFaceIDUsageDescription = "Use Face ID to protect and unlock your financial data in MoneyManager.";
				INFOPLIST_KEY_UIApplicationSceneManifest_Generation = YES;
				INFOPLIST_KEY_UIApplicationSupportsIndirectInputEvents = YES;
				INFOPLIST_KEY_UILaunchScreen_Generation = YES;
				INFOPLIST_KEY_UISupportedInterfaceOrientations_iPad = "UIInterfaceOrientationPortrait UIInterfaceOrientationPortraitUpsideDown UIInterfaceOrientationLandscapeLeft UIInterfaceOrientationLandscapeRight";
				INFOPLIST_KEY_UISupportedInterfaceOrientations_iPhone = "UIInterfaceOrientationPortrait UIInterfaceOrientationLandscapeLeft UIInterfaceOrientationLandscapeRight";
				IPHONEOS_DEPLOYMENT_TARGET = 17.6;
				LD_RUNPATH_SEARCH_PATHS = (
					"$(inherited)",
					"@executable_path/Frameworks",
				);
				MARKETING_VERSION = 1.0;
				PRODUCT_BUNDLE_IDENTIFIER = shecraa.MoneyGuard;
				PRODUCT_NAME = "Money Guard";
				STRING_CATALOG_GENERATE_SYMBOLS = YES;
				SWIFT_APPROACHABLE_CONCURRENCY = YES;
				SWIFT_DEFAULT_ACTOR_ISOLATION = MainActor;
				SWIFT_EMIT_LOC_STRINGS = YES;
				SWIFT_UPCOMING_FEATURE_MEMBER_IMPORT_VISIBILITY = YES;
				SWIFT_VERSION = 5.0;
				TARGETED_DEVICE_FAMILY = "1,2";
			};
			name = Debug;
		};
		041304542F6817B40036F610 /* Release */ = {
			isa = XCBuildConfiguration;
			buildSettings = {
				ASSETCATALOG_COMPILER_APPICON_NAME = AppIcon;
				ASSETCATALOG_COMPILER_GLOBAL_ACCENT_COLOR_NAME = AccentColor;
				CODE_SIGN_ENTITLEMENTS = MoneyGuard/MoneyManager.entitlements;
				CODE_SIGN_STYLE = Automatic;
				CURRENT_PROJECT_VERSION = 1;
				DEVELOPMENT_TEAM = LCKK5B35FW;
				ENABLE_PREVIEWS = YES;
				GENERATE_INFOPLIST_FILE = YES;
				INFOPLIST_FILE = MoneyGuard/Info.plist;
				INFOPLIST_KEY_CFBundleDisplayName = "Money Guard";
				INFOPLIST_KEY_LSApplicationCategoryType = "public.app-category.finance";
				INFOPLIST_KEY_NSFaceIDUsageDescription = "Use Face ID to protect and unlock your financial data in MoneyManager.";
				INFOPLIST_KEY_UIApplicationSceneManifest_Generation = YES;
				INFOPLIST_KEY_UIApplicationSupportsIndirectInputEvents = YES;
				INFOPLIST_KEY_UILaunchScreen_Generation = YES;
				INFOPLIST_KEY_UISupportedInterfaceOrientations_iPad = "UIInterfaceOrientationPortrait UIInterfaceOrientationPortraitUpsideDown UIInterfaceOrientationLandscapeLeft UIInterfaceOrientationLandscapeRight";
				INFOPLIST_KEY_UISupportedInterfaceOrientations_iPhone = "UIInterfaceOrientationPortrait UIInterfaceOrientationLandscapeLeft UIInterfaceOrientationLandscapeRight";
				IPHONEOS_DEPLOYMENT_TARGET = 17.6;
				LD_RUNPATH_SEARCH_PATHS = (
					"$(inherited)",
					"@executable_path/Frameworks",
				);
				MARKETING_VERSION = 1.0;
				PRODUCT_BUNDLE_IDENTIFIER = shecraa.MoneyGuard;
				PRODUCT_NAME = "Money Guard";
				STRING_CATALOG_GENERATE_SYMBOLS = YES;
				SWIFT_APPROACHABLE_CONCURRENCY = YES;
				SWIFT_DEFAULT_ACTOR_ISOLATION = MainActor;
				SWIFT_EMIT_LOC_STRINGS = YES;
				SWIFT_UPCOMING_FEATURE_MEMBER_IMPORT_VISIBILITY = YES;
				SWIFT_VERSION = 5.0;
				TARGETED_DEVICE_FAMILY = "1,2";
			};
			name = Release;
		};
		041304892F6843470036F610 /* Debug */ = {
			isa = XCBuildConfiguration;
			buildSettings = {
				BUNDLE_LOADER = "$(TEST_HOST)";
				"CODE_SIGN_IDENTITY[sdk=macosx*]" = "Apple Development";
				CODE_SIGN_STYLE = Automatic;
				CURRENT_PROJECT_VERSION = 1;
				DEVELOPMENT_TEAM = LCKK5B35FW;
				GENERATE_INFOPLIST_FILE = YES;
				MARKETING_VERSION = 1.0;
				PRODUCT_BUNDLE_IDENTIFIER = shecraa.MoneyManagerTests;
				PRODUCT_NAME = "$(TARGET_NAME)";
				STRING_CATALOG_GENERATE_SYMBOLS = NO;
				SWIFT_APPROACHABLE_CONCURRENCY = YES;
				SWIFT_EMIT_LOC_STRINGS = NO;
				SWIFT_UPCOMING_FEATURE_MEMBER_IMPORT_VISIBILITY = YES;
				SWIFT_VERSION = 5.0;
				TARGETED_DEVICE_FAMILY = "1,2";
				TEST_HOST = "$(BUILT_PRODUCTS_DIR)/Money Guard.app/$(BUNDLE_EXECUTABLE_FOLDER_PATH)/Money Guard";
			};
			name = Debug;
		};
		0413048A2F6843470036F610 /* Release */ = {
			isa = XCBuildConfiguration;
			buildSettings = {
				BUNDLE_LOADER = "$(TEST_HOST)";
				"CODE_SIGN_IDENTITY[sdk=macosx*]" = "-";
				CODE_SIGN_STYLE = Automatic;
				CURRENT_PROJECT_VERSION = 1;
				DEVELOPMENT_TEAM = LCKK5B35FW;
				GENERATE_INFOPLIST_FILE = YES;
				MARKETING_VERSION = 1.0;
				PRODUCT_BUNDLE_IDENTIFIER = shecraa.MoneyManagerTests;
				PRODUCT_NAME = "$(TARGET_NAME)";
				STRING_CATALOG_GENERATE_SYMBOLS = NO;
				SWIFT_APPROACHABLE_CONCURRENCY = YES;
				SWIFT_EMIT_LOC_STRINGS = NO;
				SWIFT_UPCOMING_FEATURE_MEMBER_IMPORT_VISIBILITY = YES;
				SWIFT_VERSION = 5.0;
				TARGETED_DEVICE_FAMILY = "1,2";
				TEST_HOST = "$(BUILT_PRODUCTS_DIR)/Money Guard.app/$(BUNDLE_EXECUTABLE_FOLDER_PATH)/Money Guard";
			};
			name = Release;
		};
		9F26DF153A5B1075FA186F38 /* Release */ = {
			isa = XCBuildConfiguration;
			buildSettings = {
				APPLICATION_EXTENSION_API_ONLY = YES;
				CLANG_ENABLE_OBJC_WEAK = NO;
				CODE_SIGN_IDENTITY = "Apple Distribution";
				CODE_SIGN_STYLE = Automatic;
				CURRENT_PROJECT_VERSION = 1;
				DEVELOPMENT_TEAM = LCKK5B35FW;
				GENERATE_INFOPLIST_FILE = NO;
				INFOPLIST_FILE = MoneyGuardsWidget/Info.plist;
				IPHONEOS_DEPLOYMENT_TARGET = 17.6;
				MARKETING_VERSION = 1.0;
				PRODUCT_BUNDLE_IDENTIFIER = shecraa.MoneyGuard.MoneyGuardsWidgetExtension;
				PRODUCT_NAME = "$(TARGET_NAME)";
				PROVISIONING_PROFILE_SPECIFIER = "";
				SDKROOT = iphoneos;
				SKIP_INSTALL = YES;
				SWIFT_VERSION = 5.0;
				VALIDATE_PRODUCT = YES;
			};
			name = Release;
		};
		D99726D0B812AE72EE5D5F65 /* Debug */ = {
			isa = XCBuildConfiguration;
			buildSettings = {
				APPLICATION_EXTENSION_API_ONLY = YES;
				CLANG_ENABLE_OBJC_WEAK = NO;
				CODE_SIGN_IDENTITY = "Apple Development";
				CODE_SIGN_STYLE = Automatic;
				CURRENT_PROJECT_VERSION = 1;
				DEVELOPMENT_TEAM = LCKK5B35FW;
				GENERATE_INFOPLIST_FILE = NO;
				INFOPLIST_FILE = MoneyGuardsWidget/Info.plist;
				IPHONEOS_DEPLOYMENT_TARGET = 17.6;
				MARKETING_VERSION = 1.0;
				PRODUCT_BUNDLE_IDENTIFIER = shecraa.MoneyGuard.MoneyGuardsWidgetExtension;
				PRODUCT_NAME = "$(TARGET_NAME)";
				PROVISIONING_PROFILE_SPECIFIER = "";
				SDKROOT = iphoneos;
				SKIP_INSTALL = YES;
				SWIFT_VERSION = 5.0;
			};
			name = Debug;
		};
/* End XCBuildConfiguration section */

/* Begin XCConfigurationList section */
		041304422F6817B40036F610 /* Build configuration list for PBXProject "Money Guard" */ = {
			isa = XCConfigurationList;
			buildConfigurations = (
				041304502F6817B40036F610 /* Debug */,
				041304512F6817B40036F610 /* Release */,
			);
			defaultConfigurationIsVisible = 0;
			defaultConfigurationName = Release;
		};
		041304522F6817B40036F610 /* Build configuration list for PBXNativeTarget "MoneyManager" */ = {
			isa = XCConfigurationList;
			buildConfigurations = (
				041304532F6817B40036F610 /* Debug */,
				041304542F6817B40036F610 /* Release */,
			);
			defaultConfigurationIsVisible = 0;
			defaultConfigurationName = Release;
		};
		041304882F6843470036F610 /* Build configuration list for PBXNativeTarget "MoneyManagerTests" */ = {
			isa = XCConfigurationList;
			buildConfigurations = (
				041304892F6843470036F610 /* Debug */,
				0413048A2F6843470036F610 /* Release */,
			);
			defaultConfigurationIsVisible = 0;
			defaultConfigurationName = Release;
		};
		5F6FFA4B0928630C40E52CB2 /* Build configuration list for PBXNativeTarget "MoneyGuardsWidgetExtension" */ = {
			isa = XCConfigurationList;
			buildConfigurations = (
				9F26DF153A5B1075FA186F38 /* Release */,
				D99726D0B812AE72EE5D5F65 /* Debug */,
			);
			defaultConfigurationIsVisible = 0;
			defaultConfigurationName = Release;
		};
/* End XCConfigurationList section */

/* Begin XCRemoteSwiftPackageReference section */
		0413060D2F69EE500036F610 /* XCRemoteSwiftPackageReference "supabase-swift" */ = {
			isa = XCRemoteSwiftPackageReference;
			repositoryURL = "https://github.com/supabase-community/supabase-swift.git";
			requirement = {
				kind = upToNextMajorVersion;
				minimumVersion = 2.5.1;
			};
		};
/* End XCRemoteSwiftPackageReference section */
	};
	rootObject = 0413043F2F6817B40036F610 /* Project object */;
}
